// !$*UTF8*$!
{
	archiveVersion = 1;
	classes = {
	};
	objectVersion = 56;
	objects = {

/* Begin PBXBuildFile section */
		482D9A9D28E09D2700603129 /* LocationSearchView.swift in Sources */ = {isa = PBXBuildFile; fileRef = 482D9A9C28E09D2700603129 /* LocationSearchView.swift */; };
		482D9A9F28E0A28600603129 /* LocationSearchResultCell.swift in Sources */ = {isa = PBXBuildFile; fileRef = 482D9A9E28E0A28500603129 /* LocationSearchResultCell.swift */; };
		482D9AA128E1307F00603129 /* LocationSearchViewModel.swift in Sources */ = {isa = PBXBuildFile; fileRef = 482D9AA028E1307F00603129 /* LocationSearchViewModel.swift */; };
		483DF20B28DF4F3D00617362 /* UberSwiftUITtorialApp.swift in Sources */ = {isa = PBXBuildFile; fileRef = 483DF20A28DF4F3D00617362 /* UberSwiftUITtorialApp.swift */; };
		483DF20F28DF4F3F00617362 /* Assets.xcassets in Resources */ = {isa = PBXBuildFile; fileRef = 483DF20E28DF4F3F00617362 /* Assets.xcassets */; };
		483DF21228DF4F3F00617362 /* Preview Assets.xcassets in Resources */ = {isa = PBXBuildFile; fileRef = 483DF21128DF4F3F00617362 /* Preview Assets.xcassets */; };
		483DF22528DF501B00617362 /* HomeView.swift in Sources */ = {isa = PBXBuildFile; fileRef = 483DF22428DF501B00617362 /* HomeView.swift */; };
		483DF22728DF507300617362 /* UberMapViewRepresentable.swift in Sources */ = {isa = PBXBuildFile; fileRef = 483DF22628DF507300617362 /* UberMapViewRepresentable.swift */; };
		483DF22928DF51CF00617362 /* learnWhat?.swift in Sources */ = {isa = PBXBuildFile; fileRef = 483DF22828DF51CF00617362 /* learnWhat?.swift */; };
		483DF22B28DF5E1A00617362 /* LocationManager.swift in Sources */ = {isa = PBXBuildFile; fileRef = 483DF22A28DF5E1A00617362 /* LocationManager.swift */; };
		483FAA8528E09667008613FE /* LocationSearchActivationView.swift in Sources */ = {isa = PBXBuildFile; fileRef = 483FAA8428E09667008613FE /* LocationSearchActivationView.swift */; };
		483FAA8728E09AA6008613FE /* MapViewActionButton.swift in Sources */ = {isa = PBXBuildFile; fileRef = 483FAA8628E09AA6008613FE /* MapViewActionButton.swift */; };
		4871FBAB28F5B79100B0D280 /* RideType.swift in Sources */ = {isa = PBXBuildFile; fileRef = 4871FBAA28F5B79100B0D280 /* RideType.swift */; };
		4874156F28F03684008C52FA /* MapViewState .swift in Sources */ = {isa = PBXBuildFile; fileRef = 4874156E28F03683008C52FA /* MapViewState .swift */; };
		48ACA9F228F85B640069558A /* Double.swift in Sources */ = {isa = PBXBuildFile; fileRef = 48ACA9F128F85B640069558A /* Double.swift */; };
		48E5308F28F1D97A007836DD /* RideRequestView.swift in Sources */ = {isa = PBXBuildFile; fileRef = 48E5308E28F1D97A007836DD /* RideRequestView.swift */; };
/* End PBXBuildFile section */

/* Begin PBXFileReference section */
		482D9A9C28E09D2700603129 /* LocationSearchView.swift */ = {isa = PBXFileReference; lastKnownFileType = sourcecode.swift; path = LocationSearchView.swift; sourceTree = "<group>"; };
		482D9A9E28E0A28500603129 /* LocationSearchResultCell.swift */ = {isa = PBXFileReference; lastKnownFileType = sourcecode.swift; path = LocationSearchResultCell.swift; sourceTree = "<group>"; };
		482D9AA028E1307F00603129 /* LocationSearchViewModel.swift */ = {isa = PBXFileReference; lastKnownFileType = sourcecode.swift; path = LocationSearchViewModel.swift; sourceTree = "<group>"; };
		483DF20728DF4F3D00617362 /* UberSwiftUITtorial.app */ = {isa = PBXFileReference; explicitFileType = wrapper.application; includeInIndex = 0; path = UberSwiftUITtorial.app; sourceTree = BUILT_PRODUCTS_DIR; };
		483DF20A28DF4F3D00617362 /* UberSwiftUITtorialApp.swift */ = {isa = PBXFileReference; lastKnownFileType = sourcecode.swift; path = UberSwiftUITtorialApp.swift; sourceTree = "<group>"; };
		483DF20E28DF4F3F00617362 /* Assets.xcassets */ = {isa = PBXFileReference; lastKnownFileType = folder.assetcatalog; path = Assets.xcassets; sourceTree = "<group>"; };
		483DF21128DF4F3F00617362 /* Preview Assets.xcassets */ = {isa = PBXFileReference; lastKnownFileType = folder.assetcatalog; path = "Preview Assets.xcassets"; sourceTree = "<group>"; };
		483DF22428DF501B00617362 /* HomeView.swift */ = {isa = PBXFileReference; lastKnownFileType = sourcecode.swift; path = HomeView.swift; sourceTree = "<group>"; };
		483DF22628DF507300617362 /* UberMapViewRepresentable.swift */ = {isa = PBXFileReference; lastKnownFileType = sourcecode.swift; path = UberMapViewRepresentable.swift; sourceTree = "<group>"; };
		483DF22828DF51CF00617362 /* learnWhat?.swift */ = {isa = PBXFileReference; lastKnownFileType = sourcecode.swift; path = "learnWhat?.swift"; sourceTree = "<group>"; };
		483DF22A28DF5E1A00617362 /* LocationManager.swift */ = {isa = PBXFileReference; lastKnownFileType = sourcecode.swift; path = LocationManager.swift; sourceTree = "<group>"; };
		483FAA8428E09667008613FE /* LocationSearchActivationView.swift */ = {isa = PBXFileReference; lastKnownFileType = sourcecode.swift; path = LocationSearchActivationView.swift; sourceTree = "<group>"; };
		483FAA8628E09AA6008613FE /* MapViewActionButton.swift */ = {isa = PBXFileReference; lastKnownFileType = sourcecode.swift; path = MapViewActionButton.swift; sourceTree = "<group>"; };
		4871FBAA28F5B79100B0D280 /* RideType.swift */ = {isa = PBXFileReference; lastKnownFileType = sourcecode.swift; path = RideType.swift; sourceTree = "<group>"; };
		4874156E28F03683008C52FA /* MapViewState .swift */ = {isa = PBXFileReference; lastKnownFileType = sourcecode.swift; path = "MapViewState .swift"; sourceTree = "<group>"; };
		48ACA9F128F85B640069558A /* Double.swift */ = {isa = PBXFileReference; lastKnownFileType = sourcecode.swift; path = Double.swift; sourceTree = "<group>"; };
		48E5308E28F1D97A007836DD /* RideRequestView.swift */ = {isa = PBXFileReference; lastKnownFileType = sourcecode.swift; path = RideRequestView.swift; sourceTree = "<group>"; };
/* End PBXFileReference section */

/* Begin PBXFrameworksBuildPhase section */
		483DF20428DF4F3D00617362 /* Frameworks */ = {
			isa = PBXFrameworksBuildPhase;
			buildActionMask = 2147483647;
			files = (
			);
			runOnlyForDeploymentPostprocessing = 0;
		};
/* End PBXFrameworksBuildPhase section */

/* Begin PBXGroup section */
		483DF1FE28DF4F3D00617362 = {
			isa = PBXGroup;
			children = (
				483DF20928DF4F3D00617362 /* UberSwiftUITtorial */,
				483DF20828DF4F3D00617362 /* Products */,
			);
			sourceTree = "<group>";
		};
		483DF20828DF4F3D00617362 /* Products */ = {
			isa = PBXGroup;
			children = (
				483DF20728DF4F3D00617362 /* UberSwiftUITtorial.app */,
			);
			name = Products;
			sourceTree = "<group>";
		};
		483DF20928DF4F3D00617362 /* UberSwiftUITtorial */ = {
			isa = PBXGroup;
			children = (
				483DF21828DF4F6000617362 /* App */,
				483DF21E28DF4F8400617362 /* Core */,
				483DF21F28DF4F8B00617362 /* Extensions */,
				483DF22128DF4F9D00617362 /* Managers */,
				483DF21C28DF4F7A00617362 /* Models */,
				483DF20E28DF4F3F00617362 /* Assets.xcassets */,
				483DF22828DF51CF00617362 /* learnWhat?.swift */,
				483DF21028DF4F3F00617362 /* Preview Content */,
			);
			path = UberSwiftUITtorial;
			sourceTree = "<group>";
		};
		483DF21028DF4F3F00617362 /* Preview Content */ = {
			isa = PBXGroup;
			children = (
				483DF21128DF4F3F00617362 /* Preview Assets.xcassets */,
			);
			path = "Preview Content";
			sourceTree = "<group>";
		};
		483DF21828DF4F6000617362 /* App */ = {
			isa = PBXGroup;
			children = (
				483DF20A28DF4F3D00617362 /* UberSwiftUITtorialApp.swift */,
			);
			path = App;
			sourceTree = "<group>";
		};
		483DF21C28DF4F7A00617362 /* Models */ = {
			isa = PBXGroup;
			children = (
				4874156E28F03683008C52FA /* MapViewState .swift */,
				4871FBAA28F5B79100B0D280 /* RideType.swift */,
			);
			path = Models;
			sourceTree = "<group>";
		};
		483DF21E28DF4F8400617362 /* Core */ = {
			isa = PBXGroup;
			children = (
				48E5308928F1D936007836DD /* Trips */,
				483FAA8028E095F2008613FE /* LocationSearch */,
				483FAA7F28E095BF008613FE /* Home */,
			);
			path = Core;
			sourceTree = "<group>";
		};
		483DF21F28DF4F8B00617362 /* Extensions */ = {
			isa = PBXGroup;
			children = (
				48ACA9F128F85B640069558A /* Double.swift */,
			);
			path = Extensions;
			sourceTree = "<group>";
		};
		483DF22128DF4F9D00617362 /* Managers */ = {
			isa = PBXGroup;
			children = (
				483DF22A28DF5E1A00617362 /* LocationManager.swift */,
			);
			path = Managers;
			sourceTree = "<group>";
		};
		483DF22228DF4FF400617362 /* Views */ = {
			isa = PBXGroup;
			children = (
				483DF22428DF501B00617362 /* HomeView.swift */,
				483DF22628DF507300617362 /* UberMapViewRepresentable.swift */,
				483FAA8628E09AA6008613FE /* MapViewActionButton.swift */,
			);
			path = Views;
			sourceTree = "<group>";
		};
		483FAA7E28E095B1008613FE /* ViewModel */ = {
			isa = PBXGroup;
			children = (
			);
			path = ViewModel;
			sourceTree = "<group>";
		};
		483FAA7F28E095BF008613FE /* Home */ = {
			isa = PBXGroup;
			children = (
				483FAA7E28E095B1008613FE /* ViewModel */,
				483DF22228DF4FF400617362 /* Views */,
			);
			path = Home;
			sourceTree = "<group>";
		};
		483FAA8028E095F2008613FE /* LocationSearch */ = {
			isa = PBXGroup;
			children = (
				483FAA8128E0961C008613FE /* ViewModel */,
				483FAA8328E0962F008613FE /* VIews */,
			);
			path = LocationSearch;
			sourceTree = "<group>";
		};
		483FAA8128E0961C008613FE /* ViewModel */ = {
			isa = PBXGroup;
			children = (
				482D9AA028E1307F00603129 /* LocationSearchViewModel.swift */,
			);
			path = ViewModel;
			sourceTree = "<group>";
		};
		483FAA8328E0962F008613FE /* VIews */ = {
			isa = PBXGroup;
			children = (
				483FAA8428E09667008613FE /* LocationSearchActivationView.swift */,
				482D9A9C28E09D2700603129 /* LocationSearchView.swift */,
				482D9A9E28E0A28500603129 /* LocationSearchResultCell.swift */,
			);
			path = VIews;
			sourceTree = "<group>";
		};
		48E5308928F1D936007836DD /* Trips */ = {
			isa = PBXGroup;
			children = (
				48E5308E28F1D97A007836DD /* RideRequestView.swift */,
			);
			path = Trips;
			sourceTree = "<group>";
		};
/* End PBXGroup section */

/* Begin PBXNativeTarget section */
		483DF20628DF4F3D00617362 /* UberSwiftUITtorial */ = {
			isa = PBXNativeTarget;
			buildConfigurationList = 483DF21528DF4F3F00617362 /* Build configuration list for PBXNativeTarget "UberSwiftUITtorial" */;
			buildPhases = (
				483DF20328DF4F3D00617362 /* Sources */,
				483DF20428DF4F3D00617362 /* Frameworks */,
				483DF20528DF4F3D00617362 /* Resources */,
			);
			buildRules = (
			);
			dependencies = (
			);
			name = UberSwiftUITtorial;
			productName = UberSwiftUITtorial;
			productReference = 483DF20728DF4F3D00617362 /* UberSwiftUITtorial.app */;
			productType = "com.apple.product-type.application";
		};
/* End PBXNativeTarget section */

/* Begin PBXProject section */
		483DF1FF28DF4F3D00617362 /* Project object */ = {
			isa = PBXProject;
			attributes = {
				BuildIndependentTargetsInParallel = 1;
				LastSwiftUpdateCheck = 1400;
				LastUpgradeCheck = 1400;
				TargetAttributes = {
					483DF20628DF4F3D00617362 = {
						CreatedOnToolsVersion = 14.0;
					};
				};
			};
			buildConfigurationList = 483DF20228DF4F3D00617362 /* Build configuration list for PBXProject "UberSwiftUITtorial" */;
			compatibilityVersion = "Xcode 14.0";
			developmentRegion = en;
			hasScannedForEncodings = 0;
			knownRegions = (
				en,
				Base,
			);
			mainGroup = 483DF1FE28DF4F3D00617362;
			productRefGroup = 483DF20828DF4F3D00617362 /* Products */;
			projectDirPath = "";
			projectRoot = "";
			targets = (
				483DF20628DF4F3D00617362 /* UberSwiftUITtorial */,
			);
		};
/* End PBXProject section */

/* Begin PBXResourcesBuildPhase section */
		483DF20528DF4F3D00617362 /* Resources */ = {
			isa = PBXResourcesBuildPhase;
			buildActionMask = 2147483647;
			files = (
				483DF21228DF4F3F00617362 /* Preview Assets.xcassets in Resources */,
				483DF20F28DF4F3F00617362 /* Assets.xcassets in Resources */,
			);
			runOnlyForDeploymentPostprocessing = 0;
		};
/* End PBXResourcesBuildPhase section */

/* Begin PBXSourcesBuildPhase section */
		483DF20328DF4F3D00617362 /* Sources */ = {
			isa = PBXSourcesBuildPhase;
			buildActionMask = 2147483647;
			files = (
				483DF22928DF51CF00617362 /* learnWhat?.swift in Sources */,
				4871FBAB28F5B79100B0D280 /* RideType.swift in Sources */,
				483DF20B28DF4F3D00617362 /* UberSwiftUITtorialApp.swift in Sources */,
				483DF22B28DF5E1A00617362 /* LocationManager.swift in Sources */,
				482D9AA128E1307F00603129 /* LocationSearchViewModel.swift in Sources */,
				483DF22728DF507300617362 /* UberMapViewRepresentable.swift in Sources */,
				48ACA9F228F85B640069558A /* Double.swift in Sources */,
				483DF22528DF501B00617362 /* HomeView.swift in Sources */,
				482D9A9D28E09D2700603129 /* LocationSearchView.swift in Sources */,
				482D9A9F28E0A28600603129 /* LocationSearchResultCell.swift in Sources */,
				48E5308F28F1D97A007836DD /* RideRequestView.swift in Sources */,
				4874156F28F03684008C52FA /* MapViewState .swift in Sources */,
				483FAA8528E09667008613FE /* LocationSearchActivationView.swift in Sources */,
				483FAA8728E09AA6008613FE /* MapViewActionButton.swift in Sources */,
			);
			runOnlyForDeploymentPostprocessing = 0;
		};
/* End PBXSourcesBuildPhase section */

/* Begin XCBuildConfiguration section */
		483DF21328DF4F3F00617362 /* Debug */ = {
			isa = XCBuildConfiguration;
			buildSettings = {
				ALWAYS_SEARCH_USER_PATHS = NO;
				CLANG_ANALYZER_NONNULL = YES;
				CLANG_ANALYZER_NUMBER_OBJECT_CONVERSION = YES_AGGRESSIVE;
				CLANG_CXX_LANGUAGE_STANDARD = "gnu++20";
				CLANG_ENABLE_MODULES = YES;
				CLANG_ENABLE_OBJC_ARC = YES;
				CLANG_ENABLE_OBJC_WEAK = YES;
				CLANG_WARN_BLOCK_CAPTURE_AUTORELEASING = YES;
				CLANG_WARN_BOOL_CONVERSION = YES;
				CLANG_WARN_COMMA = YES;
				CLANG_WARN_CONSTANT_CONVERSION = YES;
				CLANG_WARN_DEPRECATED_OBJC_IMPLEMENTATIONS = YES;
				CLANG_WARN_DIRECT_OBJC_ISA_USAGE = YES_ERROR;
				CLANG_WARN_DOCUMENTATION_COMMENTS = YES;
				CLANG_WARN_EMPTY_BODY = YES;
				CLANG_WARN_ENUM_CONVERSION = YES;
				CLANG_WARN_INFINITE_RECURSION = YES;
				CLANG_WARN_INT_CONVERSION = YES;
				CLANG_WARN_NON_LITERAL_NULL_CONVERSION = YES;
				CLANG_WARN_OBJC_IMPLICIT_RETAIN_SELF = YES;
				CLANG_WARN_OBJC_LITERAL_CONVERSION = YES;
				CLANG_WARN_OBJC_ROOT_CLASS = YES_ERROR;
				CLANG_WARN_QUOTED_INCLUDE_IN_FRAMEWORK_HEADER = YES;
				CLANG_WARN_RANGE_LOOP_ANALYSIS = YES;
				CLANG_WARN_STRICT_PROTOTYPES = YES;
				CLANG_WARN_SUSPICIOUS_MOVE = YES;
				CLANG_WARN_UNGUARDED_AVAILABILITY = YES_AGGRESSIVE;
				CLANG_WARN_UNREACHABLE_CODE = YES;
				CLANG_WARN__DUPLICATE_METHOD_MATCH = YES;
				COPY_PHASE_STRIP = NO;
				DEBUG_INFORMATION_FORMAT = dwarf;
				ENABLE_STRICT_OBJC_MSGSEND = YES;
				ENABLE_TESTABILITY = YES;
				GCC_C_LANGUAGE_STANDARD = gnu11;
				GCC_DYNAMIC_NO_PIC = NO;
				GCC_NO_COMMON_BLOCKS = YES;
				GCC_OPTIMIZATION_LEVEL = 0;
				GCC_PREPROCESSOR_DEFINITIONS = (
					"DEBUG=1",
					"$(inherited)",
				);
				GCC_WARN_64_TO_32_BIT_CONVERSION = YES;
				GCC_WARN_ABOUT_RETURN_TYPE = YES_ERROR;
				GCC_WARN_UNDECLARED_SELECTOR = YES;
				GCC_WARN_UNINITIALIZED_AUTOS = YES_AGGRESSIVE;
				GCC_WARN_UNUSED_FUNCTION = YES;
				GCC_WARN_UNUSED_VARIABLE = YES;
				IPHONEOS_DEPLOYMENT_TARGET = 16.0;
				MTL_ENABLE_DEBUG_INFO = INCLUDE_SOURCE;
				MTL_FAST_MATH = YES;
				ONLY_ACTIVE_ARCH = YES;
				SDKROOT = iphoneos;
				SWIFT_ACTIVE_COMPILATION_CONDITIONS = DEBUG;
				SWIFT_OPTIMIZATION_LEVEL = "-Onone";
			};
			name = Debug;
		};
		483DF21428DF4F3F00617362 /* Release */ = {
			isa = XCBuildConfiguration;
			buildSettings = {
				ALWAYS_SEARCH_USER_PATHS = NO;
				CLANG_ANALYZER_NONNULL = YES;
				CLANG_ANALYZER_NUMBER_OBJECT_CONVERSION = YES_AGGRESSIVE;
				CLANG_CXX_LANGUAGE_STANDARD = "gnu++20";
				CLANG_ENABLE_MODULES = YES;
				CLANG_ENABLE_OBJC_ARC = YES;
				CLANG_ENABLE_OBJC_WEAK = YES;
				CLANG_WARN_BLOCK_CAPTURE_AUTORELEASING = YES;
				CLANG_WARN_BOOL_CONVERSION = YES;
				CLANG_WARN_COMMA = YES;
				CLANG_WARN_CONSTANT_CONVERSION = YES;
				CLANG_WARN_DEPRECATED_OBJC_IMPLEMENTATIONS = YES;
				CLANG_WARN_DIRECT_OBJC_ISA_USAGE = YES_ERROR;
				CLANG_WARN_DOCUMENTATION_COMMENTS = YES;
				CLANG_WARN_EMPTY_BODY = YES;
				CLANG_WARN_ENUM_CONVERSION = YES;
				CLANG_WARN_INFINITE_RECURSION = YES;
				CLANG_WARN_INT_CONVERSION = YES;
				CLANG_WARN_NON_LITERAL_NULL_CONVERSION = YES;
				CLANG_WARN_OBJC_IMPLICIT_RETAIN_SELF = YES;
				CLANG_WARN_OBJC_LITERAL_CONVERSION = YES;
				CLANG_WARN_OBJC_ROOT_CLASS = YES_ERROR;
				CLANG_WARN_QUOTED_INCLUDE_IN_FRAMEWORK_HEADER = YES;
				CLANG_WARN_RANGE_LOOP_ANALYSIS = YES;
				CLANG_WARN_STRICT_PROTOTYPES = YES;
				CLANG_WARN_SUSPICIOUS_MOVE = YES;
				CLANG_WARN_UNGUARDED_AVAILABILITY = YES_AGGRESSIVE;
				CLANG_WARN_UNREACHABLE_CODE = YES;
				CLANG_WARN__DUPLICATE_METHOD_MATCH = YES;
				COPY_PHASE_STRIP = NO;
				DEBUG_INFORMATION_FORMAT = "dwarf-with-dsym";
				ENABLE_NS_ASSERTIONS = NO;
				ENABLE_STRICT_OBJC_MSGSEND = YES;
				GCC_C_LANGUAGE_STANDARD = gnu11;
				GCC_NO_COMMON_BLOCKS = YES;
				GCC_WARN_64_TO_32_BIT_CONVERSION = YES;
				GCC_WARN_ABOUT_RETURN_TYPE = YES_ERROR;
				GCC_WARN_UNDECLARED_SELECTOR = YES;
				GCC_WARN_UNINITIALIZED_AUTOS = YES_AGGRESSIVE;
				GCC_WARN_UNUSED_FUNCTION = YES;
				GCC_WARN_UNUSED_VARIABLE = YES;
				IPHONEOS_DEPLOYMENT_TARGET = 16.0;
				MTL_ENABLE_DEBUG_INFO = NO;
				MTL_FAST_MATH = YES;
				SDKROOT = iphoneos;
				SWIFT_COMPILATION_MODE = wholemodule;
				SWIFT_OPTIMIZATION_LEVEL = "-O";
				VALIDATE_PRODUCT = YES;
			};
			name = Release;
		};
		483DF21628DF4F3F00617362 /* Debug */ = {
			isa = XCBuildConfiguration;
			buildSettings = {
				ASSETCATALOG_COMPILER_APPICON_NAME = AppIcon;
				ASSETCATALOG_COMPILER_GLOBAL_ACCENT_COLOR_NAME = AccentColor;
				CODE_SIGN_STYLE = Automatic;
				CURRENT_PROJECT_VERSION = 1;
				DEVELOPMENT_ASSET_PATHS = "\"UberSwiftUITtorial/Preview Content\"";
				DEVELOPMENT_TEAM = DLN427AJ4B;
				ENABLE_PREVIEWS = YES;
				GENERATE_INFOPLIST_FILE = YES;
				INFOPLIST_KEY_NSLocationWhenInUseUsageDescription = "Please allow us to access your location to find you nearby drivers and rides";
				INFOPLIST_KEY_UIApplicationSceneManifest_Generation = YES;
				INFOPLIST_KEY_UIApplicationSupportsIndirectInputEvents = YES;
				INFOPLIST_KEY_UILaunchScreen_Generation = YES;
				INFOPLIST_KEY_UISupportedInterfaceOrientations_iPad = "UIInterfaceOrientationPortrait UIInterfaceOrientationPortraitUpsideDown UIInterfaceOrientationLandscapeLeft UIInterfaceOrientationLandscapeRight";
				INFOPLIST_KEY_UISupportedInterfaceOrientations_iPhone = "UIInterfaceOrientationPortrait UIInterfaceOrientationLandscapeLeft UIInterfaceOrientationLandscapeRight";
				LD_RUNPATH_SEARCH_PATHS = (
					"$(inherited)",
					"@executable_path/Frameworks",
				);
				MARKETING_VERSION = 1.0;
				PRODUCT_BUNDLE_IDENTIFIER = matomakeapp.UberSwiftUITtorial;
				PRODUCT_NAME = "$(TARGET_NAME)";
				SWIFT_EMIT_LOC_STRINGS = YES;
				SWIFT_VERSION = 5.0;
				TARGETED_DEVICE_FAMILY = "1,2";
			};
			name = Debug;
		};
		483DF21728DF4F3F00617362 /* Release */ = {
			isa = XCBuildConfiguration;
			buildSettings = {
				ASSETCATALOG_COMPILER_APPICON_NAME = AppIcon;
				ASSETCATALOG_COMPILER_GLOBAL_ACCENT_COLOR_NAME = AccentColor;
				CODE_SIGN_STYLE = Automatic;
				CURRENT_PROJECT_VERSION = 1;
				DEVELOPMENT_ASSET_PATHS = "\"UberSwiftUITtorial/Preview Content\"";
				DEVELOPMENT_TEAM = DLN427AJ4B;
				ENABLE_PREVIEWS = YES;
				GENERATE_INFOPLIST_FILE = YES;
				INFOPLIST_KEY_NSLocationWhenInUseUsageDescription = "Please allow us to access your location to find you nearby drivers and rides";
				INFOPLIST_KEY_UIApplicationSceneManifest_Generation = YES;
				INFOPLIST_KEY_UIApplicationSupportsIndirectInputEvents = YES;
				INFOPLIST_KEY_UILaunchScreen_Generation = YES;
				INFOPLIST_KEY_UISupportedInterfaceOrientations_iPad = "UIInterfaceOrientationPortrait UIInterfaceOrientationPortraitUpsideDown UIInterfaceOrientationLandscapeLeft UIInterfaceOrientationLandscapeRight";
				INFOPLIST_KEY_UISupportedInterfaceOrientations_iPhone = "UIInterfaceOrientationPortrait UIInterfaceOrientationLandscapeLeft UIInterfaceOrientationLandscapeRight";
				LD_RUNPATH_SEARCH_PATHS = (
					"$(inherited)",
					"@executable_path/Frameworks",
				);
				MARKETING_VERSION = 1.0;
				PRODUCT_BUNDLE_IDENTIFIER = matomakeapp.UberSwiftUITtorial;
				PRODUCT_NAME = "$(TARGET_NAME)";
				SWIFT_EMIT_LOC_STRINGS = YES;
				SWIFT_VERSION = 5.0;
				TARGETED_DEVICE_FAMILY = "1,2";
			};
			name = Release;
		};
/* End XCBuildConfiguration section */

/* Begin XCConfigurationList section */
		483DF20228DF4F3D00617362 /* Build configuration list for PBXProject "UberSwiftUITtorial" */ = {
			isa = XCConfigurationList;
			buildConfigurations = (
				483DF21328DF4F3F00617362 /* Debug */,
				483DF21428DF4F3F00617362 /* Release */,
			);
			defaultConfigurationIsVisible = 0;
			defaultConfigurationName = Release;
		};
		483DF21528DF4F3F00617362 /* Build configuration list for PBXNativeTarget "UberSwiftUITtorial" */ = {
			isa = XCConfigurationList;
			buildConfigurations = (
				483DF21628DF4F3F00617362 /* Debug */,
				483DF21728DF4F3F00617362 /* Release */,
			);
			defaultConfigurationIsVisible = 0;
			defaultConfigurationName = Release;
		};
/* End XCConfigurationList section */
	};
	rootObject = 483DF1FF28DF4F3D00617362 /* Project object */;
}
